
Microsoft Visual Studio Solution File, Format Version 12.00
# Visual Studio Version 16
VisualStudioVersion = 16.0.29326.143
MinimumVisualStudioVersion = 10.0.40219.1
Project("{FAE04EC0-301F-11D3-BF4B-00C04F79EFBC}") = "NumericalBigProject1", "NumericalBigProject1\NumericalBigProject1.csproj", "{B8D60F67-EC17-43E0-B1AD-49CA73FF59AF}"
EndProject
Global
	GlobalSection(SolutionConfigurationPlatforms) = preSolution
		Debug|Any CPU = Debug|Any CPU
		Release|Any CPU = Release|Any CPU
	EndGlobalSection
	GlobalSection(ProjectConfigurationPlatforms) = postSolution
		{B8D60F67-EC17-43E0-B1AD-49CA73FF59AF}.Debug|Any CPU.ActiveCfg = Debug|Any CPU
		{B8D60F67-EC17-43E0-B1AD-49CA73FF59AF}.Debug|Any CPU.Build.0 = Debug|Any CPU
		{B8D60F67-EC17-43E0-B1AD-49CA73FF59AF}.Release|Any CPU.ActiveCfg = Release|Any CPU
		{B8D60F67-EC17-43E0-B1AD-49CA73FF59AF}.Release|Any CPU.Build.0 = Release|Any CPU
	EndGlobalSection
	GlobalSection(SolutionProperties) = preSolution
		HideSolutionNode = FALSE
	EndGlobalSection
	GlobalSection(ExtensibilityGlobals) = postSolution
		SolutionGuid = {5BC57A48-EBDA-4C70-8E4D-EBDB9BE45AA2}
	EndGlobalSection
EndGlobal
